// !$*UTF8*$!
{
	archiveVersion = 1;
	classes = {
	};
	objectVersion = 55;
	objects = {

/* Begin PBXBuildFile section */
		63E9B5B1279166EB0096A8DF /* CoredataIntroApp.swift in Sources */ = {isa = PBXBuildFile; fileRef = 63E9B5B0279166EB0096A8DF /* CoredataIntroApp.swift */; };
		63E9B5B3279166EB0096A8DF /* ContentView.swift in Sources */ = {isa = PBXBuildFile; fileRef = 63E9B5B2279166EB0096A8DF /* ContentView.swift */; };
		63E9B5B5279166EC0096A8DF /* Assets.xcassets in Resources */ = {isa = PBXBuildFile; fileRef = 63E9B5B4279166EC0096A8DF /* Assets.xcassets */; };
		63E9B5B8279166EC0096A8DF /* Preview Assets.xcassets in Resources */ = {isa = PBXBuildFile; fileRef = 63E9B5B7279166EC0096A8DF /* Preview Assets.xcassets */; };
		63E9B5BA279166EC0096A8DF /* Persistence.swift in Sources */ = {isa = PBXBuildFile; fileRef = 63E9B5B9279166EC0096A8DF /* Persistence.swift */; };
		63E9B5BD279166EC0096A8DF /* CoredataIntro.xcdatamodeld in Sources */ = {isa = PBXBuildFile; fileRef = 63E9B5BB279166EC0096A8DF /* CoredataIntro.xcdatamodeld */; };
		63E9B5C7279166EC0096A8DF /* CoredataIntroTests.swift in Sources */ = {isa = PBXBuildFile; fileRef = 63E9B5C6279166EC0096A8DF /* CoredataIntroTests.swift */; };
		63E9B5D1279166EC0096A8DF /* CoredataIntroUITests.swift in Sources */ = {isa = PBXBuildFile; fileRef = 63E9B5D0279166EC0096A8DF /* CoredataIntroUITests.swift */; };
		63E9B5D3279166EC0096A8DF /* CoredataIntroUITestsLaunchTests.swift in Sources */ = {isa = PBXBuildFile; fileRef = 63E9B5D2279166EC0096A8DF /* CoredataIntroUITestsLaunchTests.swift */; };
		63E9B5E0279182700096A8DF /* ShoppingListView.swift in Sources */ = {isa = PBXBuildFile; fileRef = 63E9B5DF279182700096A8DF /* ShoppingListView.swift */; };
/* End PBXBuildFile section */

/* Begin PBXContainerItemProxy section */
		63E9B5C3279166EC0096A8DF /* PBXContainerItemProxy */ = {
			isa = PBXContainerItemProxy;
			containerPortal = 63E9B5A5279166EB0096A8DF /* Project object */;
			proxyType = 1;
			remoteGlobalIDString = 63E9B5AC279166EB0096A8DF;
			remoteInfo = CoredataIntro;
		};
		63E9B5CD279166EC0096A8DF /* PBXContainerItemProxy */ = {
			isa = PBXContainerItemProxy;
			containerPortal = 63E9B5A5279166EB0096A8DF /* Project object */;
			proxyType = 1;
			remoteGlobalIDString = 63E9B5AC279166EB0096A8DF;
			remoteInfo = CoredataIntro;
		};
/* End PBXContainerItemProxy section */

/* Begin PBXFileReference section */
		63E9B5AD279166EB0096A8DF /* CoredataIntro.app */ = {isa = PBXFileReference; explicitFileType = wrapper.application; includeInIndex = 0; path = CoredataIntro.app; sourceTree = BUILT_PRODUCTS_DIR; };
		63E9B5B0279166EB0096A8DF /* CoredataIntroApp.swift */ = {isa = PBXFileReference; lastKnownFileType = sourcecode.swift; path = CoredataIntroApp.swift; sourceTree = "<group>"; };
		63E9B5B2279166EB0096A8DF /* ContentView.swift */ = {isa = PBXFileReference; lastKnownFileType = sourcecode.swift; path = ContentView.swift; sourceTree = "<group>"; };
		63E9B5B4279166EC0096A8DF /* Assets.xcassets */ = {isa = PBXFileReference; lastKnownFileType = folder.assetcatalog; path = Assets.xcassets; sourceTree = "<group>"; };
		63E9B5B7279166EC0096A8DF /* Preview Assets.xcassets */ = {isa = PBXFileReference; lastKnownFileType = folder.assetcatalog; path = "Preview Assets.xcassets"; sourceTree = "<group>"; };
		63E9B5B9279166EC0096A8DF /* Persistence.swift */ = {isa = PBXFileReference; lastKnownFileType = sourcecode.swift; path = Persistence.swift; sourceTree = "<group>"; };
		63E9B5BC279166EC0096A8DF /* CoredataIntro.xcdatamodel */ = {isa = PBXFileReference; lastKnownFileType = wrapper.xcdatamodel; path = CoredataIntro.xcdatamodel; sourceTree = "<group>"; };
		63E9B5C2279166EC0096A8DF /* CoredataIntroTests.xctest */ = {isa = PBXFileReference; explicitFileType = wrapper.cfbundle; includeInIndex = 0; path = CoredataIntroTests.xctest; sourceTree = BUILT_PRODUCTS_DIR; };
		63E9B5C6279166EC0096A8DF /* CoredataIntroTests.swift */ = {isa = PBXFileReference; lastKnownFileType = sourcecode.swift; path = CoredataIntroTests.swift; sourceTree = "<group>"; };
		63E9B5CC279166EC0096A8DF /* CoredataIntroUITests.xctest */ = {isa = PBXFileReference; explicitFileType = wrapper.cfbundle; includeInIndex = 0; path = CoredataIntroUITests.xctest; sourceTree = BUILT_PRODUCTS_DIR; };
		63E9B5D0279166EC0096A8DF /* CoredataIntroUITests.swift */ = {isa = PBXFileReference; lastKnownFileType = sourcecode.swift; path = CoredataIntroUITests.swift; sourceTree = "<group>"; };
		63E9B5D2279166EC0096A8DF /* CoredataIntroUITestsLaunchTests.swift */ = {isa = PBXFileReference; lastKnownFileType = sourcecode.swift; path = CoredataIntroUITestsLaunchTests.swift; sourceTree = "<group>"; };
		63E9B5DF279182700096A8DF /* ShoppingListView.swift */ = {isa = PBXFileReference; lastKnownFileType = sourcecode.swift; path = ShoppingListView.swift; sourceTree = "<group>"; };
/* End PBXFileReference section */

/* Begin PBXFrameworksBuildPhase section */
		63E9B5AA279166EB0096A8DF /* Frameworks */ = {
			isa = PBXFrameworksBuildPhase;
			buildActionMask = 2147483647;
			files = (
			);
			runOnlyForDeploymentPostprocessing = 0;
		};
		63E9B5BF279166EC0096A8DF /* Frameworks */ = {
			isa = PBXFrameworksBuildPhase;
			buildActionMask = 2147483647;
			files = (
			);
			runOnlyForDeploymentPostprocessing = 0;
		};
		63E9B5C9279166EC0096A8DF /* Frameworks */ = {
			isa = PBXFrameworksBuildPhase;
			buildActionMask = 2147483647;
			files = (
			);
			runOnlyForDeploymentPostprocessing = 0;
		};
/* End PBXFrameworksBuildPhase section */

/* Begin PBXGroup section */
		63E9B5A4279166EB0096A8DF = {
			isa = PBXGroup;
			children = (
				63E9B5AF279166EB0096A8DF /* CoredataIntro */,
				63E9B5C5279166EC0096A8DF /* CoredataIntroTests */,
				63E9B5CF279166EC0096A8DF /* CoredataIntroUITests */,
				63E9B5AE279166EB0096A8DF /* Products */,
			);
			sourceTree = "<group>";
		};
		63E9B5AE279166EB0096A8DF /* Products */ = {
			isa = PBXGroup;
			children = (
				63E9B5AD279166EB0096A8DF /* CoredataIntro.app */,
				63E9B5C2279166EC0096A8DF /* CoredataIntroTests.xctest */,
				63E9B5CC279166EC0096A8DF /* CoredataIntroUITests.xctest */,
			);
			name = Products;
			sourceTree = "<group>";
		};
		63E9B5AF279166EB0096A8DF /* CoredataIntro */ = {
			isa = PBXGroup;
			children = (
				63E9B5B0279166EB0096A8DF /* CoredataIntroApp.swift */,
				63E9B5B2279166EB0096A8DF /* ContentView.swift */,
				63E9B5DF279182700096A8DF /* ShoppingListView.swift */,
				63E9B5B4279166EC0096A8DF /* Assets.xcassets */,
				63E9B5B9279166EC0096A8DF /* Persistence.swift */,
				63E9B5BB279166EC0096A8DF /* CoredataIntro.xcdatamodeld */,
				63E9B5B6279166EC0096A8DF /* Preview Content */,
			);
			path = CoredataIntro;
			sourceTree = "<group>";
		};
		63E9B5B6279166EC0096A8DF /* Preview Content */ = {
			isa = PBXGroup;
			children = (
				63E9B5B7279166EC0096A8DF /* Preview Assets.xcassets */,
			);
			path = "Preview Content";
			sourceTree = "<group>";
		};
		63E9B5C5279166EC0096A8DF /* CoredataIntroTests */ = {
			isa = PBXGroup;
			children = (
				63E9B5C6279166EC0096A8DF /* CoredataIntroTests.swift */,
			);
			path = CoredataIntroTests;
			sourceTree = "<group>";
		};
		63E9B5CF279166EC0096A8DF /* CoredataIntroUITests */ = {
			isa = PBXGroup;
			children = (
				63E9B5D0279166EC0096A8DF /* CoredataIntroUITests.swift */,
				63E9B5D2279166EC0096A8DF /* CoredataIntroUITestsLaunchTests.swift */,
			);
			path = CoredataIntroUITests;
			sourceTree = "<group>";
		};
/* End PBXGroup section */

/* Begin PBXNativeTarget section */
		63E9B5AC279166EB0096A8DF /* CoredataIntro */ = {
			isa = PBXNativeTarget;
			buildConfigurationList = 63E9B5D6279166EC0096A8DF /* Build configuration list for PBXNativeTarget "CoredataIntro" */;
			buildPhases = (
				63E9B5A9279166EB0096A8DF /* Sources */,
				63E9B5AA279166EB0096A8DF /* Frameworks */,
				63E9B5AB279166EB0096A8DF /* Resources */,
			);
			buildRules = (
			);
			dependencies = (
			);
			name = CoredataIntro;
			productName = CoredataIntro;
			productReference = 63E9B5AD279166EB0096A8DF /* CoredataIntro.app */;
			productType = "com.apple.product-type.application";
		};
		63E9B5C1279166EC0096A8DF /* CoredataIntroTests */ = {
			isa = PBXNativeTarget;
			buildConfigurationList = 63E9B5D9279166EC0096A8DF /* Build configuration list for PBXNativeTarget "CoredataIntroTests" */;
			buildPhases = (
				63E9B5BE279166EC0096A8DF /* Sources */,
				63E9B5BF279166EC0096A8DF /* Frameworks */,
				63E9B5C0279166EC0096A8DF /* Resources */,
			);
			buildRules = (
			);
			dependencies = (
				63E9B5C4279166EC0096A8DF /* PBXTargetDependency */,
			);
			name = CoredataIntroTests;
			productName = CoredataIntroTests;
			productReference = 63E9B5C2279166EC0096A8DF /* CoredataIntroTests.xctest */;
			productType = "com.apple.product-type.bundle.unit-test";
		};
		63E9B5CB279166EC0096A8DF /* CoredataIntroUITests */ = {
			isa = PBXNativeTarget;
			buildConfigurationList = 63E9B5DC279166EC0096A8DF /* Build configuration list for PBXNativeTarget "CoredataIntroUITests" */;
			buildPhases = (
				63E9B5C8279166EC0096A8DF /* Sources */,
				63E9B5C9279166EC0096A8DF /* Frameworks */,
				63E9B5CA279166EC0096A8DF /* Resources */,
			);
			buildRules = (
			);
			dependencies = (
				63E9B5CE279166EC0096A8DF /* PBXTargetDependency */,
			);
			name = CoredataIntroUITests;
			productName = CoredataIntroUITests;
			productReference = 63E9B5CC279166EC0096A8DF /* CoredataIntroUITests.xctest */;
			productType = "com.apple.product-type.bundle.ui-testing";
		};
/* End PBXNativeTarget section */

/* Begin PBXProject section */
		63E9B5A5279166EB0096A8DF /* Project object */ = {
			isa = PBXProject;
			attributes = {
				BuildIndependentTargetsInParallel = 1;
				LastSwiftUpdateCheck = 1320;
				LastUpgradeCheck = 1320;
				TargetAttributes = {
					63E9B5AC279166EB0096A8DF = {
						CreatedOnToolsVersion = 13.2.1;
					};
					63E9B5C1279166EC0096A8DF = {
						CreatedOnToolsVersion = 13.2.1;
						TestTargetID = 63E9B5AC279166EB0096A8DF;
					};
					63E9B5CB279166EC0096A8DF = {
						CreatedOnToolsVersion = 13.2.1;
						TestTargetID = 63E9B5AC279166EB0096A8DF;
					};
				};
			};
			buildConfigurationList = 63E9B5A8279166EB0096A8DF /* Build configuration list for PBXProject "CoredataIntro" */;
			compatibilityVersion = "Xcode 13.0";
			developmentRegion = en;
			hasScannedForEncodings = 0;
			knownRegions = (
				en,
				Base,
			);
			mainGroup = 63E9B5A4279166EB0096A8DF;
			productRefGroup = 63E9B5AE279166EB0096A8DF /* Products */;
			projectDirPath = "";
			projectRoot = "";
			targets = (
				63E9B5AC279166EB0096A8DF /* CoredataIntro */,
				63E9B5C1279166EC0096A8DF /* CoredataIntroTests */,
				63E9B5CB279166EC0096A8DF /* CoredataIntroUITests */,
			);
		};
/* End PBXProject section */

/* Begin PBXResourcesBuildPhase section */
		63E9B5AB279166EB0096A8DF /* Resources */ = {
			isa = PBXResourcesBuildPhase;
			buildActionMask = 2147483647;
			files = (
				63E9B5B8279166EC0096A8DF /* Preview Assets.xcassets in Resources */,
				63E9B5B5279166EC0096A8DF /* Assets.xcassets in Resources */,
			);
			runOnlyForDeploymentPostprocessing = 0;
		};
		63E9B5C0279166EC0096A8DF /* Resources */ = {
			isa = PBXResourcesBuildPhase;
			buildActionMask = 2147483647;
			files = (
			);
			runOnlyForDeploymentPostprocessing = 0;
		};
		63E9B5CA279166EC0096A8DF /* Resources */ = {
			isa = PBXResourcesBuildPhase;
			buildActionMask = 2147483647;
			files = (
			);
			runOnlyForDeploymentPostprocessing = 0;
		};
/* End PBXResourcesBuildPhase section */

/* Begin PBXSourcesBuildPhase section */
		63E9B5A9279166EB0096A8DF /* Sources */ = {
			isa = PBXSourcesBuildPhase;
			buildActionMask = 2147483647;
			files = (
				63E9B5BA279166EC0096A8DF /* Persistence.swift in Sources */,
				63E9B5BD279166EC0096A8DF /* CoredataIntro.xcdatamodeld in Sources */,
				63E9B5B3279166EB0096A8DF /* ContentView.swift in Sources */,
				63E9B5B1279166EB0096A8DF /* CoredataIntroApp.swift in Sources */,
				63E9B5E0279182700096A8DF /* ShoppingListView.swift in Sources */,
			);
			runOnlyForDeploymentPostprocessing = 0;
		};
		63E9B5BE279166EC0096A8DF /* Sources */ = {
			isa = PBXSourcesBuildPhase;
			buildActionMask = 2147483647;
			files = (
				63E9B5C7279166EC0096A8DF /* CoredataIntroTests.swift in Sources */,
			);
			runOnlyForDeploymentPostprocessing = 0;
		};
		63E9B5C8279166EC0096A8DF /* Sources */ = {
			isa = PBXSourcesBuildPhase;
			buildActionMask = 2147483647;
			files = (
				63E9B5D3279166EC0096A8DF /* CoredataIntroUITestsLaunchTests.swift in Sources */,
				63E9B5D1279166EC0096A8DF /* CoredataIntroUITests.swift in Sources */,
			);
			runOnlyForDeploymentPostprocessing = 0;
		};
/* End PBXSourcesBuildPhase section */

/* Begin PBXTargetDependency section */
		63E9B5C4279166EC0096A8DF /* PBXTargetDependency */ = {
			isa = PBXTargetDependency;
			target = 63E9B5AC279166EB0096A8DF /* CoredataIntro */;
			targetProxy = 63E9B5C3279166EC0096A8DF /* PBXContainerItemProxy */;
		};
		63E9B5CE279166EC0096A8DF /* PBXTargetDependency */ = {
			isa = PBXTargetDependency;
			target = 63E9B5AC279166EB0096A8DF /* CoredataIntro */;
			targetProxy = 63E9B5CD279166EC0096A8DF /* PBXContainerItemProxy */;
		};
/* End PBXTargetDependency section */

/* Begin XCBuildConfiguration section */
		63E9B5D4279166EC0096A8DF /* Debug */ = {
			isa = XCBuildConfiguration;
			buildSettings = {
				ALWAYS_SEARCH_USER_PATHS = NO;
				CLANG_ANALYZER_NONNULL = YES;
				CLANG_ANALYZER_NUMBER_OBJECT_CONVERSION = YES_AGGRESSIVE;
				CLANG_CXX_LANGUAGE_STANDARD = "gnu++17";
				CLANG_CXX_LIBRARY = "libc++";
				CLANG_ENABLE_MODULES = YES;
				CLANG_ENABLE_OBJC_ARC = YES;
				CLANG_ENABLE_OBJC_WEAK = YES;
				CLANG_WARN_BLOCK_CAPTURE_AUTORELEASING = YES;
				CLANG_WARN_BOOL_CONVERSION = YES;
				CLANG_WARN_COMMA = YES;
				CLANG_WARN_CONSTANT_CONVERSION = YES;
				CLANG_WARN_DEPRECATED_OBJC_IMPLEMENTATIONS = YES;
				CLANG_WARN_DIRECT_OBJC_ISA_USAGE = YES_ERROR;
				CLANG_WARN_DOCUMENTATION_COMMENTS = YES;
				CLANG_WARN_EMPTY_BODY = YES;
				CLANG_WARN_ENUM_CONVERSION = YES;
				CLANG_WARN_INFINITE_RECURSION = YES;
				CLANG_WARN_INT_CONVERSION = YES;
				CLANG_WARN_NON_LITERAL_NULL_CONVERSION = YES;
				CLANG_WARN_OBJC_IMPLICIT_RETAIN_SELF = YES;
				CLANG_WARN_OBJC_LITERAL_CONVERSION = YES;
				CLANG_WARN_OBJC_ROOT_CLASS = YES_ERROR;
				CLANG_WARN_QUOTED_INCLUDE_IN_FRAMEWORK_HEADER = YES;
				CLANG_WARN_RANGE_LOOP_ANALYSIS = YES;
				CLANG_WARN_STRICT_PROTOTYPES = YES;
				CLANG_WARN_SUSPICIOUS_MOVE = YES;
				CLANG_WARN_UNGUARDED_AVAILABILITY = YES_AGGRESSIVE;
				CLANG_WARN_UNREACHABLE_CODE = YES;
				CLANG_WARN__DUPLICATE_METHOD_MATCH = YES;
				COPY_PHASE_STRIP = NO;
				DEBUG_INFORMATION_FORMAT = dwarf;
				ENABLE_STRICT_OBJC_MSGSEND = YES;
				ENABLE_TESTABILITY = YES;
				GCC_C_LANGUAGE_STANDARD = gnu11;
				GCC_DYNAMIC_NO_PIC = NO;
				GCC_NO_COMMON_BLOCKS = YES;
				GCC_OPTIMIZATION_LEVEL = 0;
				GCC_PREPROCESSOR_DEFINITIONS = (
					"DEBUG=1",
					"$(inherited)",
				);
				GCC_WARN_64_TO_32_BIT_CONVERSION = YES;
				GCC_WARN_ABOUT_RETURN_TYPE = YES_ERROR;
				GCC_WARN_UNDECLARED_SELECTOR = YES;
				GCC_WARN_UNINITIALIZED_AUTOS = YES_AGGRESSIVE;
				GCC_WARN_UNUSED_FUNCTION = YES;
				GCC_WARN_UNUSED_VARIABLE = YES;
				IPHONEOS_DEPLOYMENT_TARGET = 15.2;
				MTL_ENABLE_DEBUG_INFO = INCLUDE_SOURCE;
				MTL_FAST_MATH = YES;
				ONLY_ACTIVE_ARCH = YES;
				SDKROOT = iphoneos;
				SWIFT_ACTIVE_COMPILATION_CONDITIONS = DEBUG;
				SWIFT_OPTIMIZATION_LEVEL = "-Onone";
			};
			name = Debug;
		};
		63E9B5D5279166EC0096A8DF /* Release */ = {
			isa = XCBuildConfiguration;
			buildSettings = {
				ALWAYS_SEARCH_USER_PATHS = NO;
				CLANG_ANALYZER_NONNULL = YES;
				CLANG_ANALYZER_NUMBER_OBJECT_CONVERSION = YES_AGGRESSIVE;
				CLANG_CXX_LANGUAGE_STANDARD = "gnu++17";
				CLANG_CXX_LIBRARY = "libc++";
				CLANG_ENABLE_MODULES = YES;
				CLANG_ENABLE_OBJC_ARC = YES;
				CLANG_ENABLE_OBJC_WEAK = YES;
				CLANG_WARN_BLOCK_CAPTURE_AUTORELEASING = YES;
				CLANG_WARN_BOOL_CONVERSION = YES;
				CLANG_WARN_COMMA = YES;
				CLANG_WARN_CONSTANT_CONVERSION = YES;
				CLANG_WARN_DEPRECATED_OBJC_IMPLEMENTATIONS = YES;
				CLANG_WARN_DIRECT_OBJC_ISA_USAGE = YES_ERROR;
				CLANG_WARN_DOCUMENTATION_COMMENTS = YES;
				CLANG_WARN_EMPTY_BODY = YES;
				CLANG_WARN_ENUM_CONVERSION = YES;
				CLANG_WARN_INFINITE_RECURSION = YES;
				CLANG_WARN_INT_CONVERSION = YES;
				CLANG_WARN_NON_LITERAL_NULL_CONVERSION = YES;
				CLANG_WARN_OBJC_IMPLICIT_RETAIN_SELF = YES;
				CLANG_WARN_OBJC_LITERAL_CONVERSION = YES;
				CLANG_WARN_OBJC_ROOT_CLASS = YES_ERROR;
				CLANG_WARN_QUOTED_INCLUDE_IN_FRAMEWORK_HEADER = YES;
				CLANG_WARN_RANGE_LOOP_ANALYSIS = YES;
				CLANG_WARN_STRICT_PROTOTYPES = YES;
				CLANG_WARN_SUSPICIOUS_MOVE = YES;
				CLANG_WARN_UNGUARDED_AVAILABILITY = YES_AGGRESSIVE;
				CLANG_WARN_UNREACHABLE_CODE = YES;
				CLANG_WARN__DUPLICATE_METHOD_MATCH = YES;
				COPY_PHASE_STRIP = NO;
				DEBUG_INFORMATION_FORMAT = "dwarf-with-dsym";
				ENABLE_NS_ASSERTIONS = NO;
				ENABLE_STRICT_OBJC_MSGSEND = YES;
				GCC_C_LANGUAGE_STANDARD = gnu11;
				GCC_NO_COMMON_BLOCKS = YES;
				GCC_WARN_64_TO_32_BIT_CONVERSION = YES;
				GCC_WARN_ABOUT_RETURN_TYPE = YES_ERROR;
				GCC_WARN_UNDECLARED_SELECTOR = YES;
				GCC_WARN_UNINITIALIZED_AUTOS = YES_AGGRESSIVE;
				GCC_WARN_UNUSED_FUNCTION = YES;
				GCC_WARN_UNUSED_VARIABLE = YES;
				IPHONEOS_DEPLOYMENT_TARGET = 15.2;
				MTL_ENABLE_DEBUG_INFO = NO;
				MTL_FAST_MATH = YES;
				SDKROOT = iphoneos;
				SWIFT_COMPILATION_MODE = wholemodule;
				SWIFT_OPTIMIZATION_LEVEL = "-O";
				VALIDATE_PRODUCT = YES;
			};
			name = Release;
		};
		63E9B5D7279166EC0096A8DF /* Debug */ = {
			isa = XCBuildConfiguration;
			buildSettings = {
				ASSETCATALOG_COMPILER_APPICON_NAME = AppIcon;
				ASSETCATALOG_COMPILER_GLOBAL_ACCENT_COLOR_NAME = AccentColor;
				CODE_SIGN_STYLE = Automatic;
				CURRENT_PROJECT_VERSION = 1;
				DEVELOPMENT_ASSET_PATHS = "\"CoredataIntro/Preview Content\"";
				DEVELOPMENT_TEAM = GYVUGUT77Q;
				ENABLE_PREVIEWS = YES;
				GENERATE_INFOPLIST_FILE = YES;
				INFOPLIST_KEY_UIApplicationSceneManifest_Generation = YES;
				INFOPLIST_KEY_UIApplicationSupportsIndirectInputEvents = YES;
				INFOPLIST_KEY_UILaunchScreen_Generation = YES;
				INFOPLIST_KEY_UISupportedInterfaceOrientations_iPad = "UIInterfaceOrientationPortrait UIInterfaceOrientationPortraitUpsideDown UIInterfaceOrientationLandscapeLeft UIInterfaceOrientationLandscapeRight";
				INFOPLIST_KEY_UISupportedInterfaceOrientations_iPhone = "UIInterfaceOrientationPortrait UIInterfaceOrientationLandscapeLeft UIInterfaceOrientationLandscapeRight";
				LD_RUNPATH_SEARCH_PATHS = (
					"$(inherited)",
					"@executable_path/Frameworks",
				);
				MARKETING_VERSION = 1.0;
				PRODUCT_BUNDLE_IDENTIFIER = com.example.CoredataIntro;
				PRODUCT_NAME = "$(TARGET_NAME)";
				SWIFT_EMIT_LOC_STRINGS = YES;
				SWIFT_VERSION = 5.0;
				TARGETED_DEVICE_FAMILY = "1,2";
			};
			name = Debug;
		};
		63E9B5D8279166EC0096A8DF /* Release */ = {
			isa = XCBuildConfiguration;
			buildSettings = {
				ASSETCATALOG_COMPILER_APPICON_NAME = AppIcon;
				ASSETCATALOG_COMPILER_GLOBAL_ACCENT_COLOR_NAME = AccentColor;
				CODE_SIGN_STYLE = Automatic;
				CURRENT_PROJECT_VERSION = 1;
				DEVELOPMENT_ASSET_PATHS = "\"CoredataIntro/Preview Content\"";
				DEVELOPMENT_TEAM = GYVUGUT77Q;
				ENABLE_PREVIEWS = YES;
				GENERATE_INFOPLIST_FILE = YES;
				INFOPLIST_KEY_UIApplicationSceneManifest_Generation = YES;
				INFOPLIST_KEY_UIApplicationSupportsIndirectInputEvents = YES;
				INFOPLIST_KEY_UILaunchScreen_Generation = YES;
				INFOPLIST_KEY_UISupportedInterfaceOrientations_iPad = "UIInterfaceOrientationPortrait UIInterfaceOrientationPortraitUpsideDown UIInterfaceOrientationLandscapeLeft UIInterfaceOrientationLandscapeRight";
				INFOPLIST_KEY_UISupportedInterfaceOrientations_iPhone = "UIInterfaceOrientationPortrait UIInterfaceOrientationLandscapeLeft UIInterfaceOrientationLandscapeRight";
				LD_RUNPATH_SEARCH_PATHS = (
					"$(inherited)",
					"@executable_path/Frameworks",
				);
				MARKETING_VERSION = 1.0;
				PRODUCT_BUNDLE_IDENTIFIER = com.example.CoredataIntro;
				PRODUCT_NAME = "$(TARGET_NAME)";
				SWIFT_EMIT_LOC_STRINGS = YES;
				SWIFT_VERSION = 5.0;
				TARGETED_DEVICE_FAMILY = "1,2";
			};
			name = Release;
		};
		63E9B5DA279166EC0096A8DF /* Debug */ = {
			isa = XCBuildConfiguration;
			buildSettings = {
				ALWAYS_EMBED_SWIFT_STANDARD_LIBRARIES = YES;
				BUNDLE_LOADER = "$(TEST_HOST)";
				CODE_SIGN_STYLE = Automatic;
				CURRENT_PROJECT_VERSION = 1;
				DEVELOPMENT_TEAM = GYVUGUT77Q;
				GENERATE_INFOPLIST_FILE = YES;
				IPHONEOS_DEPLOYMENT_TARGET = 15.2;
				MARKETING_VERSION = 1.0;
				PRODUCT_BUNDLE_IDENTIFIER = com.example.CoredataIntroTests;
				PRODUCT_NAME = "$(TARGET_NAME)";
				SWIFT_EMIT_LOC_STRINGS = NO;
				SWIFT_VERSION = 5.0;
				TARGETED_DEVICE_FAMILY = "1,2";
				TEST_HOST = "$(BUILT_PRODUCTS_DIR)/CoredataIntro.app/CoredataIntro";
			};
			name = Debug;
		};
		63E9B5DB279166EC0096A8DF /* Release */ = {
			isa = XCBuildConfiguration;
			buildSettings = {
				ALWAYS_EMBED_SWIFT_STANDARD_LIBRARIES = YES;
				BUNDLE_LOADER = "$(TEST_HOST)";
				CODE_SIGN_STYLE = Automatic;
				CURRENT_PROJECT_VERSION = 1;
				DEVELOPMENT_TEAM = GYVUGUT77Q;
				GENERATE_INFOPLIST_FILE = YES;
				IPHONEOS_DEPLOYMENT_TARGET = 15.2;
				MARKETING_VERSION = 1.0;
				PRODUCT_BUNDLE_IDENTIFIER = com.example.CoredataIntroTests;
				PRODUCT_NAME = "$(TARGET_NAME)";
				SWIFT_EMIT_LOC_STRINGS = NO;
				SWIFT_VERSION = 5.0;
				TARGETED_DEVICE_FAMILY = "1,2";
				TEST_HOST = "$(BUILT_PRODUCTS_DIR)/CoredataIntro.app/CoredataIntro";
			};
			name = Release;
		};
		63E9B5DD279166EC0096A8DF /* Debug */ = {
			isa = XCBuildConfiguration;
			buildSettings = {
				ALWAYS_EMBED_SWIFT_STANDARD_LIBRARIES = YES;
				CODE_SIGN_STYLE = Automatic;
				CURRENT_PROJECT_VERSION = 1;
				DEVELOPMENT_TEAM = GYVUGUT77Q;
				GENERATE_INFOPLIST_FILE = YES;
				MARKETING_VERSION = 1.0;
				PRODUCT_BUNDLE_IDENTIFIER = com.example.CoredataIntroUITests;
				PRODUCT_NAME = "$(TARGET_NAME)";
				SWIFT_EMIT_LOC_STRINGS = NO;
				SWIFT_VERSION = 5.0;
				TARGETED_DEVICE_FAMILY = "1,2";
				TEST_TARGET_NAME = CoredataIntro;
			};
			name = Debug;
		};
		63E9B5DE279166EC0096A8DF /* Release */ = {
			isa = XCBuildConfiguration;
			buildSettings = {
				ALWAYS_EMBED_SWIFT_STANDARD_LIBRARIES = YES;
				CODE_SIGN_STYLE = Automatic;
				CURRENT_PROJECT_VERSION = 1;
				DEVELOPMENT_TEAM = GYVUGUT77Q;
				GENERATE_INFOPLIST_FILE = YES;
				MARKETING_VERSION = 1.0;
				PRODUCT_BUNDLE_IDENTIFIER = com.example.CoredataIntroUITests;
				PRODUCT_NAME = "$(TARGET_NAME)";
				SWIFT_EMIT_LOC_STRINGS = NO;
				SWIFT_VERSION = 5.0;
				TARGETED_DEVICE_FAMILY = "1,2";
				TEST_TARGET_NAME = CoredataIntro;
			};
			name = Release;
		};
/* End XCBuildConfiguration section */

/* Begin XCConfigurationList section */
		63E9B5A8279166EB0096A8DF /* Build configuration list for PBXProject "CoredataIntro" */ = {
			isa = XCConfigurationList;
			buildConfigurations = (
				63E9B5D4279166EC0096A8DF /* Debug */,
				63E9B5D5279166EC0096A8DF /* Release */,
			);
			defaultConfigurationIsVisible = 0;
			defaultConfigurationName = Release;
		};
		63E9B5D6279166EC0096A8DF /* Build configuration list for PBXNativeTarget "CoredataIntro" */ = {
			isa = XCConfigurationList;
			buildConfigurations = (
				63E9B5D7279166EC0096A8DF /* Debug */,
				63E9B5D8279166EC0096A8DF /* Release */,
			);
			defaultConfigurationIsVisible = 0;
			defaultConfigurationName = Release;
		};
		63E9B5D9279166EC0096A8DF /* Build configuration list for PBXNativeTarget "CoredataIntroTests" */ = {
			isa = XCConfigurationList;
			buildConfigurations = (
				63E9B5DA279166EC0096A8DF /* Debug */,
				63E9B5DB279166EC0096A8DF /* Release */,
			);
			defaultConfigurationIsVisible = 0;
			defaultConfigurationName = Release;
		};
		63E9B5DC279166EC0096A8DF /* Build configuration list for PBXNativeTarget "CoredataIntroUITests" */ = {
			isa = XCConfigurationList;
			buildConfigurations = (
				63E9B5DD279166EC0096A8DF /* Debug */,
				63E9B5DE279166EC0096A8DF /* Release */,
			);
			defaultConfigurationIsVisible = 0;
			defaultConfigurationName = Release;
		};
/* End XCConfigurationList section */

/* Begin XCVersionGroup section */
		63E9B5BB279166EC0096A8DF /* CoredataIntro.xcdatamodeld */ = {
			isa = XCVersionGroup;
			children = (
				63E9B5BC279166EC0096A8DF /* CoredataIntro.xcdatamodel */,
			);
			currentVersion = 63E9B5BC279166EC0096A8DF /* CoredataIntro.xcdatamodel */;
			path = CoredataIntro.xcdatamodeld;
			sourceTree = "<group>";
			versionGroupType = wrapper.xcdatamodel;
		};
/* End XCVersionGroup section */
	};
	rootObject = 63E9B5A5279166EB0096A8DF /* Project object */;
}
